
Microsoft Visual Studio Solution File, Format Version 12.00
# Visual Studio Version 17
VisualStudioVersion = 17.4.33205.214
MinimumVisualStudioVersion = 10.0.40219.1
Project("{FAE04EC0-301F-11D3-BF4B-00C04F79EFBC}") = "pp_kholushkin", "pp_kholushkin\pp_kholushkin.csproj", "{A43988B3-C4C0-46E3-BEC8-04FB7412FA2A}"
EndProject
Project("{FAE04EC0-301F-11D3-BF4B-00C04F79EFBC}") = "Contracts", "Contracts\Contracts.csproj", "{A1849CF9-537B-464C-842E-E2D1D6BF07A0}"
EndProject
Project("{FAE04EC0-301F-11D3-BF4B-00C04F79EFBC}") = "LoggerService", "LoggerService\LoggerService.csproj", "{BB521FA5-9073-4D00-9AE7-A41E812AFD92}"
EndProject
Global
	GlobalSection(SolutionConfigurationPlatforms) = preSolution
		Debug|Any CPU = Debug|Any CPU
		Release|Any CPU = Release|Any CPU
	EndGlobalSection
	GlobalSection(ProjectConfigurationPlatforms) = postSolution
		{A43988B3-C4C0-46E3-BEC8-04FB7412FA2A}.Debug|Any CPU.ActiveCfg = Debug|Any CPU
		{A43988B3-C4C0-46E3-BEC8-04FB7412FA2A}.Debug|Any CPU.Build.0 = Debug|Any CPU
		{A43988B3-C4C0-46E3-BEC8-04FB7412FA2A}.Release|Any CPU.ActiveCfg = Release|Any CPU
		{A43988B3-C4C0-46E3-BEC8-04FB7412FA2A}.Release|Any CPU.Build.0 = Release|Any CPU
		{A1849CF9-537B-464C-842E-E2D1D6BF07A0}.Debug|Any CPU.ActiveCfg = Debug|Any CPU
		{A1849CF9-537B-464C-842E-E2D1D6BF07A0}.Debug|Any CPU.Build.0 = Debug|Any CPU
		{A1849CF9-537B-464C-842E-E2D1D6BF07A0}.Release|Any CPU.ActiveCfg = Release|Any CPU
		{A1849CF9-537B-464C-842E-E2D1D6BF07A0}.Release|Any CPU.Build.0 = Release|Any CPU
		{BB521FA5-9073-4D00-9AE7-A41E812AFD92}.Debug|Any CPU.ActiveCfg = Debug|Any CPU
		{BB521FA5-9073-4D00-9AE7-A41E812AFD92}.Debug|Any CPU.Build.0 = Debug|Any CPU
		{BB521FA5-9073-4D00-9AE7-A41E812AFD92}.Release|Any CPU.ActiveCfg = Release|Any CPU
		{BB521FA5-9073-4D00-9AE7-A41E812AFD92}.Release|Any CPU.Build.0 = Release|Any CPU
	EndGlobalSection
	GlobalSection(SolutionProperties) = preSolution
		HideSolutionNode = FALSE
	EndGlobalSection
	GlobalSection(ExtensibilityGlobals) = postSolution
		SolutionGuid = {1DFE02A6-935E-46FB-8060-4A3EB2DC50AB}
	EndGlobalSection
EndGlobal
